{
  "name": "consumer",
  "version": "1.0.0",
  "lockfileVersion": 2,
  "requires": true,
  "packages": {
    "": {
      "name": "consumer",
      "version": "1.0.0",
      "license": "ISC",
      "dependencies": {
        "@fjordskii/say-hello": "^1.0.1"
      }
    },
    "node_modules/@fjordskii/say-hello": {
      "version": "1.0.1",
      "resolved": "https://npm.pkg.github.com/download/@fjordskii/say-hello/1.0.1/fcf2abf019518b0d3b29eec06273ad9ad0013f55ddeaa5869b1689212a59dbd9",
      "integrity": "sha512-6+g0eg+pI0YmVd/buu/i3aM1dXX1h5m6b4TY9/vYn6SauLL1cBkLPvgiN6Y8+k8n0IstjhIgm3Mz1JnWqPjtIA==",
      "license": "ISC"
    }
  },
  "dependencies": {
    "@fjordskii/say-hello": {
      "version": "1.0.1",
      "resolved": "https://npm.pkg.github.com/download/@fjordskii/say-hello/1.0.1/fcf2abf019518b0d3b29eec06273ad9ad0013f55ddeaa5869b1689212a59dbd9",
      "integrity": "sha512-6+g0eg+pI0YmVd/buu/i3aM1dXX1h5m6b4TY9/vYn6SauLL1cBkLPvgiN6Y8+k8n0IstjhIgm3Mz1JnWqPjtIA=="
    }
  }
}
